
Microsoft Visual Studio Solution File, Format Version 11.00
# Visual Studio 2010
Project("{FAE04EC0-301F-11D3-BF4B-00C04F79EFBC}") = "Mocument.Console", "Mocument.Console\Mocument.Console.csproj", "{CB3C3FA1-2B41-4001-8C70-3EC85343779B}"
EndProject
Project("{FAE04EC0-301F-11D3-BF4B-00C04F79EFBC}") = "Mocument.Data", "Mocument.Data\Mocument.Data.csproj", "{F54BAC0E-DE24-49CD-B548-0B1C3633C28A}"
EndProject
Project("{FAE04EC0-301F-11D3-BF4B-00C04F79EFBC}") = "Mocument.Server", "Mocument.Server\Mocument.Server.csproj", "{83DEABF9-905D-49B6-B772-BDD09926D3B2}"
EndProject
Project("{2150E333-8FDC-42A3-9474-1A3956D46DE8}") = "Tests", "Tests", "{2DE66FAE-7117-4080-9B36-9DA47667B3F6}"
EndProject
Project("{FAE04EC0-301F-11D3-BF4B-00C04F79EFBC}") = "Mocument.Server.Tests", "Mocument.Server.Tests\Mocument.Server.Tests.csproj", "{3F219AC4-F88C-4D6C-A621-0AF7C78863AC}"
EndProject
Project("{FAE04EC0-301F-11D3-BF4B-00C04F79EFBC}") = "Mocument.Data.Tests", "Mocument.Data.Tests\Mocument.Data.Tests.csproj", "{8C8DEB02-0A76-43BF-A936-C35AE703BBBF}"
EndProject
Global
	GlobalSection(SolutionConfigurationPlatforms) = preSolution
		Debug|Any CPU = Debug|Any CPU
		Debug|Mixed Platforms = Debug|Mixed Platforms
		Debug|x86 = Debug|x86
		Release|Any CPU = Release|Any CPU
		Release|Mixed Platforms = Release|Mixed Platforms
		Release|x86 = Release|x86
	EndGlobalSection
	GlobalSection(ProjectConfigurationPlatforms) = postSolution
		{CB3C3FA1-2B41-4001-8C70-3EC85343779B}.Debug|Any CPU.ActiveCfg = Debug|x86
		{CB3C3FA1-2B41-4001-8C70-3EC85343779B}.Debug|Mixed Platforms.ActiveCfg = Debug|x86
		{CB3C3FA1-2B41-4001-8C70-3EC85343779B}.Debug|Mixed Platforms.Build.0 = Debug|x86
		{CB3C3FA1-2B41-4001-8C70-3EC85343779B}.Debug|x86.ActiveCfg = Debug|x86
		{CB3C3FA1-2B41-4001-8C70-3EC85343779B}.Debug|x86.Build.0 = Debug|x86
		{CB3C3FA1-2B41-4001-8C70-3EC85343779B}.Release|Any CPU.ActiveCfg = Release|x86
		{CB3C3FA1-2B41-4001-8C70-3EC85343779B}.Release|Mixed Platforms.ActiveCfg = Release|x86
		{CB3C3FA1-2B41-4001-8C70-3EC85343779B}.Release|Mixed Platforms.Build.0 = Release|x86
		{CB3C3FA1-2B41-4001-8C70-3EC85343779B}.Release|x86.ActiveCfg = Release|x86
		{CB3C3FA1-2B41-4001-8C70-3EC85343779B}.Release|x86.Build.0 = Release|x86
		{F54BAC0E-DE24-49CD-B548-0B1C3633C28A}.Debug|Any CPU.ActiveCfg = Debug|Any CPU
		{F54BAC0E-DE24-49CD-B548-0B1C3633C28A}.Debug|Any CPU.Build.0 = Debug|Any CPU
		{F54BAC0E-DE24-49CD-B548-0B1C3633C28A}.Debug|Mixed Platforms.ActiveCfg = Debug|Any CPU
		{F54BAC0E-DE24-49CD-B548-0B1C3633C28A}.Debug|Mixed Platforms.Build.0 = Debug|Any CPU
		{F54BAC0E-DE24-49CD-B548-0B1C3633C28A}.Debug|x86.ActiveCfg = Debug|Any CPU
		{F54BAC0E-DE24-49CD-B548-0B1C3633C28A}.Release|Any CPU.ActiveCfg = Release|Any CPU
		{F54BAC0E-DE24-49CD-B548-0B1C3633C28A}.Release|Any CPU.Build.0 = Release|Any CPU
		{F54BAC0E-DE24-49CD-B548-0B1C3633C28A}.Release|Mixed Platforms.ActiveCfg = Release|Any CPU
		{F54BAC0E-DE24-49CD-B548-0B1C3633C28A}.Release|Mixed Platforms.Build.0 = Release|Any CPU
		{F54BAC0E-DE24-49CD-B548-0B1C3633C28A}.Release|x86.ActiveCfg = Release|Any CPU
		{83DEABF9-905D-49B6-B772-BDD09926D3B2}.Debug|Any CPU.ActiveCfg = Debug|Any CPU
		{83DEABF9-905D-49B6-B772-BDD09926D3B2}.Debug|Any CPU.Build.0 = Debug|Any CPU
		{83DEABF9-905D-49B6-B772-BDD09926D3B2}.Debug|Mixed Platforms.ActiveCfg = Debug|Any CPU
		{83DEABF9-905D-49B6-B772-BDD09926D3B2}.Debug|Mixed Platforms.Build.0 = Debug|Any CPU
		{83DEABF9-905D-49B6-B772-BDD09926D3B2}.Debug|x86.ActiveCfg = Debug|Any CPU
		{83DEABF9-905D-49B6-B772-BDD09926D3B2}.Release|Any CPU.ActiveCfg = Release|Any CPU
		{83DEABF9-905D-49B6-B772-BDD09926D3B2}.Release|Any CPU.Build.0 = Release|Any CPU
		{83DEABF9-905D-49B6-B772-BDD09926D3B2}.Release|Mixed Platforms.ActiveCfg = Release|Any CPU
		{83DEABF9-905D-49B6-B772-BDD09926D3B2}.Release|Mixed Platforms.Build.0 = Release|Any CPU
		{83DEABF9-905D-49B6-B772-BDD09926D3B2}.Release|x86.ActiveCfg = Release|Any CPU
		{3F219AC4-F88C-4D6C-A621-0AF7C78863AC}.Debug|Any CPU.ActiveCfg = Debug|Any CPU
		{3F219AC4-F88C-4D6C-A621-0AF7C78863AC}.Debug|Any CPU.Build.0 = Debug|Any CPU
		{3F219AC4-F88C-4D6C-A621-0AF7C78863AC}.Debug|Mixed Platforms.ActiveCfg = Debug|Any CPU
		{3F219AC4-F88C-4D6C-A621-0AF7C78863AC}.Debug|Mixed Platforms.Build.0 = Debug|Any CPU
		{3F219AC4-F88C-4D6C-A621-0AF7C78863AC}.Debug|x86.ActiveCfg = Debug|Any CPU
		{3F219AC4-F88C-4D6C-A621-0AF7C78863AC}.Release|Any CPU.ActiveCfg = Release|Any CPU
		{3F219AC4-F88C-4D6C-A621-0AF7C78863AC}.Release|Any CPU.Build.0 = Release|Any CPU
		{3F219AC4-F88C-4D6C-A621-0AF7C78863AC}.Release|Mixed Platforms.ActiveCfg = Release|Any CPU
		{3F219AC4-F88C-4D6C-A621-0AF7C78863AC}.Release|Mixed Platforms.Build.0 = Release|Any CPU
		{3F219AC4-F88C-4D6C-A621-0AF7C78863AC}.Release|x86.ActiveCfg = Release|Any CPU
		{8C8DEB02-0A76-43BF-A936-C35AE703BBBF}.Debug|Any CPU.ActiveCfg = Debug|Any CPU
		{8C8DEB02-0A76-43BF-A936-C35AE703BBBF}.Debug|Any CPU.Build.0 = Debug|Any CPU
		{8C8DEB02-0A76-43BF-A936-C35AE703BBBF}.Debug|Mixed Platforms.ActiveCfg = Debug|Any CPU
		{8C8DEB02-0A76-43BF-A936-C35AE703BBBF}.Debug|Mixed Platforms.Build.0 = Debug|Any CPU
		{8C8DEB02-0A76-43BF-A936-C35AE703BBBF}.Debug|x86.ActiveCfg = Debug|Any CPU
		{8C8DEB02-0A76-43BF-A936-C35AE703BBBF}.Release|Any CPU.ActiveCfg = Release|Any CPU
		{8C8DEB02-0A76-43BF-A936-C35AE703BBBF}.Release|Any CPU.Build.0 = Release|Any CPU
		{8C8DEB02-0A76-43BF-A936-C35AE703BBBF}.Release|Mixed Platforms.ActiveCfg = Release|Any CPU
		{8C8DEB02-0A76-43BF-A936-C35AE703BBBF}.Release|Mixed Platforms.Build.0 = Release|Any CPU
		{8C8DEB02-0A76-43BF-A936-C35AE703BBBF}.Release|x86.ActiveCfg = Release|Any CPU
	EndGlobalSection
	GlobalSection(SolutionProperties) = preSolution
		HideSolutionNode = FALSE
	EndGlobalSection
	GlobalSection(NestedProjects) = preSolution
		{3F219AC4-F88C-4D6C-A621-0AF7C78863AC} = {2DE66FAE-7117-4080-9B36-9DA47667B3F6}
		{8C8DEB02-0A76-43BF-A936-C35AE703BBBF} = {2DE66FAE-7117-4080-9B36-9DA47667B3F6}
	EndGlobalSection
EndGlobal
